PODS:
  - Differentiator (4.0.1)
  - EnumKit (1.0.0)
  - LNZWeakCollection (1.3.2)
  - MERLin (3.0.0):
    - LNZWeakCollection (~> 1.3.2)
    - RxEnumKit (~> 1.0.1)
  - RxCocoa (5.0.1):
    - RxRelay (~> 5)
    - RxSwift (~> 5)
  - RxDataSources (4.0.1):
    - Differentiator (~> 4.0)
    - RxCocoa (~> 5.0)
    - RxSwift (~> 5.0)
  - RxEnumKit (1.0.1):
    - EnumKit (~> 1.0.0)
    - RxCocoa (~> 5.0.0)
  - RxRelay (5.0.1):
    - RxSwift (~> 5)
  - RxSwift (5.0.1)

DEPENDENCIES:
  - MERLin (from `https://github.com/gringoireDM/MERLin.git`, branch `master`)
  - RxDataSources

SPEC REPOS:
  trunk:
    - Differentiator
    - EnumKit
    - LNZWeakCollection
    - RxCocoa
    - RxDataSources
    - RxEnumKit
    - RxRelay
    - RxSwift

EXTERNAL SOURCES:
  MERLin:
    :branch: master
    :git: https://github.com/gringoireDM/MERLin.git

CHECKOUT OPTIONS:
  MERLin:
    :commit: 133c7b2d95892bd3e60fa9370c861ed96f3869e3
    :git: https://github.com/gringoireDM/MERLin.git

SPEC CHECKSUMS:
  Differentiator: 886080237d9f87f322641dedbc5be257061b0602
  EnumKit: 8ee9561b3a7d2696d2e5aa37d5b9eba5f7139783
  LNZWeakCollection: 0211da4f8778cb35d1b9fa788a3cb395e26a0226
  MERLin: fa800ff4c5d848ea8634a1885c8eeac53a25f8fc
  RxCocoa: e741b9749968e8a143e2b787f1dfbff2b63d0a5c
  RxDataSources: efee07fa4de48477eca0a4611e6d11e2da9c1114
  RxEnumKit: f51b6ae14fdae994a66b8a39d166116b8e0befc1
  RxRelay: 89d54507f4fd4d969e6ec1d4bd7f3673640b4640
  RxSwift: e2dc62b366a3adf6a0be44ba9f405efd4c94e0c4

PODFILE CHECKSUM: da9c33a2e25ceea9be643e65bce89d20a33c731d

COCOAPODS: 1.8.4
