PODS:
  - Differentiator (4.0.1)
  - EnumKit (1.0.0)
  - LNZWeakCollection (1.3.2)
  - MERLin (3.0.0):
    - LNZWeakCollection (~> 1.3.2)
    - RxEnumKit (~> 1.0.1)
  - Nimble (8.0.5)
  - Quick (2.2.0)
  - RxCocoa (5.0.1):
    - RxRelay (~> 5)
    - RxSwift (~> 5)
  - RxDataSources (4.0.1):
    - Differentiator (~> 4.0)
    - RxCocoa (~> 5.0)
    - RxSwift (~> 5.0)
  - RxEnumKit (1.0.1):
    - EnumKit (~> 1.0.0)
    - RxCocoa (~> 5.0.0)
  - RxRelay (5.0.1):
    - RxSwift (~> 5)
  - RxSwift (5.0.1)
  - RxTest (5.0.1):
    - RxSwift (~> 5)

DEPENDENCIES:
  - MERLin (from `https://github.com/gringoireDM/MERLin.git`, branch `master`)
  - Nimble
  - Quick
  - RxDataSources
  - RxTest

SPEC REPOS:
  trunk:
    - Differentiator
    - EnumKit
    - LNZWeakCollection
    - Nimble
    - Quick
    - RxCocoa
    - RxDataSources
    - RxEnumKit
    - RxRelay
    - RxSwift
    - RxTest

EXTERNAL SOURCES:
  MERLin:
    :branch: master
    :git: https://github.com/gringoireDM/MERLin.git

CHECKOUT OPTIONS:
  MERLin:
    :commit: 133c7b2d95892bd3e60fa9370c861ed96f3869e3
    :git: https://github.com/gringoireDM/MERLin.git

SPEC CHECKSUMS:
  Differentiator: 886080237d9f87f322641dedbc5be257061b0602
  EnumKit: 8ee9561b3a7d2696d2e5aa37d5b9eba5f7139783
  LNZWeakCollection: 0211da4f8778cb35d1b9fa788a3cb395e26a0226
  MERLin: fa800ff4c5d848ea8634a1885c8eeac53a25f8fc
  Nimble: 4ab1aeb9b45553c75b9687196b0fa0713170a332
  Quick: 7fb19e13be07b5dfb3b90d4f9824c855a11af40e
  RxCocoa: e741b9749968e8a143e2b787f1dfbff2b63d0a5c
  RxDataSources: efee07fa4de48477eca0a4611e6d11e2da9c1114
  RxEnumKit: f51b6ae14fdae994a66b8a39d166116b8e0befc1
  RxRelay: 89d54507f4fd4d969e6ec1d4bd7f3673640b4640
  RxSwift: e2dc62b366a3adf6a0be44ba9f405efd4c94e0c4
  RxTest: 0132f952a61da82d5233abedaa559df91e5330e5

PODFILE CHECKSUM: 0efd74e99e8dc3fe8e281a6fa7b4de301d52da4f

COCOAPODS: 1.8.4
