// !$*UTF8*$!
{
	archiveVersion = 1;
	classes = {
	};
	objectVersion = 51;
	objects = {

/* Begin PBXBuildFile section */
		4987BE2BF38D966847A12031 /* Pods_Modules_MatchesModule.framework in Frameworks */ = {isa = PBXBuildFile; fileRef = 6700C4C831AEDDF63ADE073E /* Pods_Modules_MatchesModule.framework */; };
		5A026A0E23DFA67E00F58E43 /* OCUIKit.h in Headers */ = {isa = PBXBuildFile; fileRef = 5A026A0C23DFA67D00F58E43 /* OCUIKit.h */; settings = {ATTRIBUTES = (Public, ); }; };
		5A026A1123DFA67E00F58E43 /* OCUIKit.framework in Frameworks */ = {isa = PBXBuildFile; fileRef = 5A026A0A23DFA67D00F58E43 /* OCUIKit.framework */; };
		5A026A1223DFA67E00F58E43 /* OCUIKit.framework in Embed Frameworks */ = {isa = PBXBuildFile; fileRef = 5A026A0A23DFA67D00F58E43 /* OCUIKit.framework */; settings = {ATTRIBUTES = (CodeSignOnCopy, RemoveHeadersOnCopy, ); }; };
		5A026A1923DFA6BE00F58E43 /* TitleViewProtocol.swift in Sources */ = {isa = PBXBuildFile; fileRef = 5A026A1823DFA6BE00F58E43 /* TitleViewProtocol.swift */; };
		5A026A1B23DFA6D600F58E43 /* TitleCell.swift in Sources */ = {isa = PBXBuildFile; fileRef = 5A026A1A23DFA6D600F58E43 /* TitleCell.swift */; };
		5A026A1D23DFA6FD00F58E43 /* UICollectionView.swift in Sources */ = {isa = PBXBuildFile; fileRef = 5A026A1C23DFA6FD00F58E43 /* UICollectionView.swift */; };
		5A026A2023DFA90800F58E43 /* TabbarControllerRouter.swift in Sources */ = {isa = PBXBuildFile; fileRef = 5A026A1F23DFA90800F58E43 /* TabbarControllerRouter.swift */; };
		5A3A916723DF9CB9004A6AE1 /* WeakifyTests.swift in Sources */ = {isa = PBXBuildFile; fileRef = 5A3A916623DF9CB9004A6AE1 /* WeakifyTests.swift */; };
		5A3A916C23DF9D2D004A6AE1 /* ModelsDecodingTests.swift in Sources */ = {isa = PBXBuildFile; fileRef = 5A3A916B23DF9D2D004A6AE1 /* ModelsDecodingTests.swift */; };
		5A3A917023DF9D89004A6AE1 /* matches.json in Resources */ = {isa = PBXBuildFile; fileRef = 5A3A916F23DF9D89004A6AE1 /* matches.json */; };
		5A3A917223DFA23E004A6AE1 /* MatchesPage.swift in Sources */ = {isa = PBXBuildFile; fileRef = 5A3A917123DFA23E004A6AE1 /* MatchesPage.swift */; };
		5A71B80E23DF923600AA59B1 /* MatchesModule.framework in Frameworks */ = {isa = PBXBuildFile; fileRef = 5ACAC37923DF7F9800731AAB /* MatchesModule.framework */; };
		5A71B80F23DF923600AA59B1 /* MatchesModule.framework in Embed Frameworks */ = {isa = PBXBuildFile; fileRef = 5ACAC37923DF7F9800731AAB /* MatchesModule.framework */; settings = {ATTRIBUTES = (CodeSignOnCopy, RemoveHeadersOnCopy, ); }; };
		5A71B81123DF923700AA59B1 /* OCFoundation.framework in Frameworks */ = {isa = PBXBuildFile; fileRef = 5ACAC33523DF770600731AAB /* OCFoundation.framework */; };
		5A71B81223DF923700AA59B1 /* OCFoundation.framework in Embed Frameworks */ = {isa = PBXBuildFile; fileRef = 5ACAC33523DF770600731AAB /* OCFoundation.framework */; settings = {ATTRIBUTES = (CodeSignOnCopy, RemoveHeadersOnCopy, ); }; };
		5ACAC31C23DF711200731AAB /* AppDelegate.swift in Sources */ = {isa = PBXBuildFile; fileRef = 5ACAC31B23DF711200731AAB /* AppDelegate.swift */; };
		5ACAC32023DF711200731AAB /* ViewController.swift in Sources */ = {isa = PBXBuildFile; fileRef = 5ACAC31F23DF711200731AAB /* ViewController.swift */; };
		5ACAC32523DF711400731AAB /* Assets.xcassets in Resources */ = {isa = PBXBuildFile; fileRef = 5ACAC32423DF711400731AAB /* Assets.xcassets */; };
		5ACAC32823DF711400731AAB /* LaunchScreen.storyboard in Resources */ = {isa = PBXBuildFile; fileRef = 5ACAC32623DF711400731AAB /* LaunchScreen.storyboard */; };
		5ACAC33923DF770600731AAB /* OCFoundation.h in Headers */ = {isa = PBXBuildFile; fileRef = 5ACAC33723DF770600731AAB /* OCFoundation.h */; settings = {ATTRIBUTES = (Public, ); }; };
		5ACAC34423DF771900731AAB /* AppError.swift in Sources */ = {isa = PBXBuildFile; fileRef = 5ACAC34323DF771900731AAB /* AppError.swift */; };
		5ACAC34923DF774C00731AAB /* APIManager.swift in Sources */ = {isa = PBXBuildFile; fileRef = 5ACAC34823DF774C00731AAB /* APIManager.swift */; };
		5ACAC34B23DF777B00731AAB /* Request.swift in Sources */ = {isa = PBXBuildFile; fileRef = 5ACAC34A23DF777B00731AAB /* Request.swift */; };
		5ACAC34D23DF77A700731AAB /* EntitiesUtil.swift in Sources */ = {isa = PBXBuildFile; fileRef = 5ACAC34C23DF77A700731AAB /* EntitiesUtil.swift */; };
		5ACAC35223DF78EB00731AAB /* MatchProtocol.swift in Sources */ = {isa = PBXBuildFile; fileRef = 5ACAC35123DF78EB00731AAB /* MatchProtocol.swift */; };
		5ACAC35423DF792F00731AAB /* LocationProtocol.swift in Sources */ = {isa = PBXBuildFile; fileRef = 5ACAC35323DF792F00731AAB /* LocationProtocol.swift */; };
		5ACAC35823DF79AE00731AAB /* PhotoProtocol.swift in Sources */ = {isa = PBXBuildFile; fileRef = 5ACAC35723DF79AE00731AAB /* PhotoProtocol.swift */; };
		5ACAC35A23DF7A3700731AAB /* Location.swift in Sources */ = {isa = PBXBuildFile; fileRef = 5ACAC35923DF7A3700731AAB /* Location.swift */; };
		5ACAC35C23DF7A9400731AAB /* Photo.swift in Sources */ = {isa = PBXBuildFile; fileRef = 5ACAC35B23DF7A9400731AAB /* Photo.swift */; };
		5ACAC35F23DF7B4E00731AAB /* Decodable.swift in Sources */ = {isa = PBXBuildFile; fileRef = 5ACAC35E23DF7B4E00731AAB /* Decodable.swift */; };
		5ACAC36123DF7C4500731AAB /* Match.swift in Sources */ = {isa = PBXBuildFile; fileRef = 5ACAC36023DF7C4500731AAB /* Match.swift */; };
		5ACAC36623DF7DDE00731AAB /* APIConfig.swift in Sources */ = {isa = PBXBuildFile; fileRef = 5ACAC36523DF7DDE00731AAB /* APIConfig.swift */; };
		5ACAC36823DF7DE500731AAB /* NetworkingConfigurable.swift in Sources */ = {isa = PBXBuildFile; fileRef = 5ACAC36723DF7DE500731AAB /* NetworkingConfigurable.swift */; };
		5ACAC36C23DF7DF900731AAB /* MatchesAPIConfigurable.swift in Sources */ = {isa = PBXBuildFile; fileRef = 5ACAC36B23DF7DF900731AAB /* MatchesAPIConfigurable.swift */; };
		5ACAC36E23DF7E5200731AAB /* MatchesAdapter.swift in Sources */ = {isa = PBXBuildFile; fileRef = 5ACAC36D23DF7E5200731AAB /* MatchesAdapter.swift */; };
		5ACAC37023DF7E7100731AAB /* NetworkingAdapter.swift in Sources */ = {isa = PBXBuildFile; fileRef = 5ACAC36F23DF7E7100731AAB /* NetworkingAdapter.swift */; };
		5ACAC37323DF7EEF00731AAB /* MatchesAdapter+Config.swift in Sources */ = {isa = PBXBuildFile; fileRef = 5ACAC37223DF7EEF00731AAB /* MatchesAdapter+Config.swift */; };
		5ACAC37D23DF7F9800731AAB /* MatchesModule.h in Headers */ = {isa = PBXBuildFile; fileRef = 5ACAC37B23DF7F9800731AAB /* MatchesModule.h */; settings = {ATTRIBUTES = (Public, ); }; };
		5ACAC38623DF801700731AAB /* MatchesModule.swift in Sources */ = {isa = PBXBuildFile; fileRef = 5ACAC38523DF801700731AAB /* MatchesModule.swift */; };
		5ACAC38923DF80E000731AAB /* MainRoutingListenerAggregator.swift in Sources */ = {isa = PBXBuildFile; fileRef = 5ACAC38823DF80E000731AAB /* MainRoutingListenerAggregator.swift */; };
		5ACAC38B23DF80F500731AAB /* AppDelegateRoutingEventsListener.swift in Sources */ = {isa = PBXBuildFile; fileRef = 5ACAC38A23DF80F500731AAB /* AppDelegateRoutingEventsListener.swift */; };
		5ACAC38D23DF810E00731AAB /* AppDelegateEvent.swift in Sources */ = {isa = PBXBuildFile; fileRef = 5ACAC38C23DF810E00731AAB /* AppDelegateEvent.swift */; };
		5ACAC39023DF815100731AAB /* MatchesRoutingListener.swift in Sources */ = {isa = PBXBuildFile; fileRef = 5ACAC38F23DF815100731AAB /* MatchesRoutingListener.swift */; };
		5ACAC39323DF826300731AAB /* MatchesSetup.swift in Sources */ = {isa = PBXBuildFile; fileRef = 5ACAC39223DF826300731AAB /* MatchesSetup.swift */; };
		5ACAC39923DF833200731AAB /* MatchesState.swift in Sources */ = {isa = PBXBuildFile; fileRef = 5ACAC39723DF832D00731AAB /* MatchesState.swift */; };
		5ACAC39B23DF833C00731AAB /* MatchesActions.swift in Sources */ = {isa = PBXBuildFile; fileRef = 5ACAC39A23DF833C00731AAB /* MatchesActions.swift */; };
		5ACAC39D23DF834400731AAB /* MatchesViewModel.swift in Sources */ = {isa = PBXBuildFile; fileRef = 5ACAC39C23DF834400731AAB /* MatchesViewModel.swift */; };
		5ACAC39F23DF835900731AAB /* MatchesViewController.swift in Sources */ = {isa = PBXBuildFile; fileRef = 5ACAC39E23DF835900731AAB /* MatchesViewController.swift */; };
		5ACAC3A223DF837500731AAB /* weakify.swift in Sources */ = {isa = PBXBuildFile; fileRef = 5ACAC3A123DF837500731AAB /* weakify.swift */; };
		5ACAC3A423DF838500731AAB /* ConfigureOperator.swift in Sources */ = {isa = PBXBuildFile; fileRef = 5ACAC3A323DF838500731AAB /* ConfigureOperator.swift */; };
		5ACAC3A723DF839600731AAB /* ObservableType.swift in Sources */ = {isa = PBXBuildFile; fileRef = 5ACAC3A623DF839600731AAB /* ObservableType.swift */; };
		D09FB376B3EBFBD80F45BDAA /* Pods_OCFoundationTests.framework in Frameworks */ = {isa = PBXBuildFile; fileRef = 61CAA089EB494B2925CA041D /* Pods_OCFoundationTests.framework */; };
		D3D20CDFFD3941E06A330B4A /* Pods_Modules_OCFoundation.framework in Frameworks */ = {isa = PBXBuildFile; fileRef = B995ED1991FFD4B1BF73EBD4 /* Pods_Modules_OCFoundation.framework */; };
		DB0ED5DAC8DB8E0DD53BCE8F /* Pods_OkCupid.framework in Frameworks */ = {isa = PBXBuildFile; fileRef = 31CA83C618A63BC6F40821A5 /* Pods_OkCupid.framework */; };
/* End PBXBuildFile section */

/* Begin PBXContainerItemProxy section */
		5A026A0F23DFA67E00F58E43 /* PBXContainerItemProxy */ = {
			isa = PBXContainerItemProxy;
			containerPortal = 5ACAC31023DF711200731AAB /* Project object */;
			proxyType = 1;
			remoteGlobalIDString = 5A026A0923DFA67D00F58E43;
			remoteInfo = OCUIKit;
		};
		5A3A916123DF9C7C004A6AE1 /* PBXContainerItemProxy */ = {
			isa = PBXContainerItemProxy;
			containerPortal = 5ACAC31023DF711200731AAB /* Project object */;
			proxyType = 1;
			remoteGlobalIDString = 5ACAC31723DF711200731AAB;
			remoteInfo = OkCupid;
		};
		5A3A916823DF9CDD004A6AE1 /* PBXContainerItemProxy */ = {
			isa = PBXContainerItemProxy;
			containerPortal = 5ACAC31023DF711200731AAB /* Project object */;
			proxyType = 1;
			remoteGlobalIDString = 5ACAC33423DF770600731AAB;
			remoteInfo = OCFoundation;
		};
		5ACAC33A23DF770600731AAB /* PBXContainerItemProxy */ = {
			isa = PBXContainerItemProxy;
			containerPortal = 5ACAC31023DF711200731AAB /* Project object */;
			proxyType = 1;
			remoteGlobalIDString = 5ACAC33423DF770600731AAB;
			remoteInfo = OCFoundation;
		};
		5ACAC37E23DF7F9800731AAB /* PBXContainerItemProxy */ = {
			isa = PBXContainerItemProxy;
			containerPortal = 5ACAC31023DF711200731AAB /* Project object */;
			proxyType = 1;
			remoteGlobalIDString = 5ACAC37823DF7F9800731AAB;
			remoteInfo = MatchesModule;
		};
		5ACAC3B923DF856400731AAB /* PBXContainerItemProxy */ = {
			isa = PBXContainerItemProxy;
			containerPortal = 5ACAC31023DF711200731AAB /* Project object */;
			proxyType = 1;
			remoteGlobalIDString = 5ACAC33423DF770600731AAB;
			remoteInfo = OCFoundation;
		};
/* End PBXContainerItemProxy section */

/* Begin PBXCopyFilesBuildPhase section */
		5A71B81023DF923600AA59B1 /* Embed Frameworks */ = {
			isa = PBXCopyFilesBuildPhase;
			buildActionMask = 2147483647;
			dstPath = "";
			dstSubfolderSpec = 10;
			files = (
				5A026A1223DFA67E00F58E43 /* OCUIKit.framework in Embed Frameworks */,
				5A71B80F23DF923600AA59B1 /* MatchesModule.framework in Embed Frameworks */,
				5A71B81223DF923700AA59B1 /* OCFoundation.framework in Embed Frameworks */,
			);
			name = "Embed Frameworks";
			runOnlyForDeploymentPostprocessing = 0;
		};
/* End PBXCopyFilesBuildPhase section */

/* Begin PBXFileReference section */
		31CA83C618A63BC6F40821A5 /* Pods_OkCupid.framework */ = {isa = PBXFileReference; explicitFileType = wrapper.framework; includeInIndex = 0; path = Pods_OkCupid.framework; sourceTree = BUILT_PRODUCTS_DIR; };
		3CE6F1B3E196668620A976F3 /* Pods-Modules-OCFoundation.debug.xcconfig */ = {isa = PBXFileReference; includeInIndex = 1; lastKnownFileType = text.xcconfig; name = "Pods-Modules-OCFoundation.debug.xcconfig"; path = "Target Support Files/Pods-Modules-OCFoundation/Pods-Modules-OCFoundation.debug.xcconfig"; sourceTree = "<group>"; };
		3DF8BBFBDAC2A7C099EDDB13 /* Pods-Modules-MatchesModule.release.xcconfig */ = {isa = PBXFileReference; includeInIndex = 1; lastKnownFileType = text.xcconfig; name = "Pods-Modules-MatchesModule.release.xcconfig"; path = "Target Support Files/Pods-Modules-MatchesModule/Pods-Modules-MatchesModule.release.xcconfig"; sourceTree = "<group>"; };
		5A026A0A23DFA67D00F58E43 /* OCUIKit.framework */ = {isa = PBXFileReference; explicitFileType = wrapper.framework; includeInIndex = 0; path = OCUIKit.framework; sourceTree = BUILT_PRODUCTS_DIR; };
		5A026A0C23DFA67D00F58E43 /* OCUIKit.h */ = {isa = PBXFileReference; lastKnownFileType = sourcecode.c.h; path = OCUIKit.h; sourceTree = "<group>"; };
		5A026A0D23DFA67E00F58E43 /* Info.plist */ = {isa = PBXFileReference; lastKnownFileType = text.plist.xml; path = Info.plist; sourceTree = "<group>"; };
		5A026A1823DFA6BE00F58E43 /* TitleViewProtocol.swift */ = {isa = PBXFileReference; lastKnownFileType = sourcecode.swift; path = TitleViewProtocol.swift; sourceTree = "<group>"; };
		5A026A1A23DFA6D600F58E43 /* TitleCell.swift */ = {isa = PBXFileReference; lastKnownFileType = sourcecode.swift; path = TitleCell.swift; sourceTree = "<group>"; };
		5A026A1C23DFA6FD00F58E43 /* UICollectionView.swift */ = {isa = PBXFileReference; lastKnownFileType = sourcecode.swift; path = UICollectionView.swift; sourceTree = "<group>"; };
		5A026A1F23DFA90800F58E43 /* TabbarControllerRouter.swift */ = {isa = PBXFileReference; lastKnownFileType = sourcecode.swift; path = TabbarControllerRouter.swift; sourceTree = "<group>"; };
		5A3A915C23DF9C7C004A6AE1 /* OCFoundationTests.xctest */ = {isa = PBXFileReference; explicitFileType = wrapper.cfbundle; includeInIndex = 0; path = OCFoundationTests.xctest; sourceTree = BUILT_PRODUCTS_DIR; };
		5A3A916023DF9C7C004A6AE1 /* Info.plist */ = {isa = PBXFileReference; lastKnownFileType = text.plist.xml; path = Info.plist; sourceTree = "<group>"; };
		5A3A916623DF9CB9004A6AE1 /* WeakifyTests.swift */ = {isa = PBXFileReference; lastKnownFileType = sourcecode.swift; path = WeakifyTests.swift; sourceTree = "<group>"; };
		5A3A916B23DF9D2D004A6AE1 /* ModelsDecodingTests.swift */ = {isa = PBXFileReference; lastKnownFileType = sourcecode.swift; path = ModelsDecodingTests.swift; sourceTree = "<group>"; };
		5A3A916F23DF9D89004A6AE1 /* matches.json */ = {isa = PBXFileReference; lastKnownFileType = text.json; path = matches.json; sourceTree = "<group>"; };
		5A3A917123DFA23E004A6AE1 /* MatchesPage.swift */ = {isa = PBXFileReference; lastKnownFileType = sourcecode.swift; path = MatchesPage.swift; sourceTree = "<group>"; };
		5ACAC31823DF711200731AAB /* OkCupid.app */ = {isa = PBXFileReference; explicitFileType = wrapper.application; includeInIndex = 0; path = OkCupid.app; sourceTree = BUILT_PRODUCTS_DIR; };
		5ACAC31B23DF711200731AAB /* AppDelegate.swift */ = {isa = PBXFileReference; lastKnownFileType = sourcecode.swift; path = AppDelegate.swift; sourceTree = "<group>"; };
		5ACAC31F23DF711200731AAB /* ViewController.swift */ = {isa = PBXFileReference; lastKnownFileType = sourcecode.swift; path = ViewController.swift; sourceTree = "<group>"; };
		5ACAC32423DF711400731AAB /* Assets.xcassets */ = {isa = PBXFileReference; lastKnownFileType = folder.assetcatalog; path = Assets.xcassets; sourceTree = "<group>"; };
		5ACAC32723DF711400731AAB /* Base */ = {isa = PBXFileReference; lastKnownFileType = file.storyboard; name = Base; path = Base.lproj/LaunchScreen.storyboard; sourceTree = "<group>"; };
		5ACAC32923DF711400731AAB /* Info.plist */ = {isa = PBXFileReference; lastKnownFileType = text.plist.xml; path = Info.plist; sourceTree = "<group>"; };
		5ACAC33523DF770600731AAB /* OCFoundation.framework */ = {isa = PBXFileReference; explicitFileType = wrapper.framework; includeInIndex = 0; path = OCFoundation.framework; sourceTree = BUILT_PRODUCTS_DIR; };
		5ACAC33723DF770600731AAB /* OCFoundation.h */ = {isa = PBXFileReference; lastKnownFileType = sourcecode.c.h; path = OCFoundation.h; sourceTree = "<group>"; };
		5ACAC33823DF770600731AAB /* Info.plist */ = {isa = PBXFileReference; lastKnownFileType = text.plist.xml; path = Info.plist; sourceTree = "<group>"; };
		5ACAC34323DF771900731AAB /* AppError.swift */ = {isa = PBXFileReference; lastKnownFileType = sourcecode.swift; path = AppError.swift; sourceTree = "<group>"; };
		5ACAC34823DF774C00731AAB /* APIManager.swift */ = {isa = PBXFileReference; lastKnownFileType = sourcecode.swift; path = APIManager.swift; sourceTree = "<group>"; };
		5ACAC34A23DF777B00731AAB /* Request.swift */ = {isa = PBXFileReference; lastKnownFileType = sourcecode.swift; path = Request.swift; sourceTree = "<group>"; };
		5ACAC34C23DF77A700731AAB /* EntitiesUtil.swift */ = {isa = PBXFileReference; lastKnownFileType = sourcecode.swift; path = EntitiesUtil.swift; sourceTree = "<group>"; };
		5ACAC35123DF78EB00731AAB /* MatchProtocol.swift */ = {isa = PBXFileReference; lastKnownFileType = sourcecode.swift; path = MatchProtocol.swift; sourceTree = "<group>"; };
		5ACAC35323DF792F00731AAB /* LocationProtocol.swift */ = {isa = PBXFileReference; lastKnownFileType = sourcecode.swift; path = LocationProtocol.swift; sourceTree = "<group>"; };
		5ACAC35723DF79AE00731AAB /* PhotoProtocol.swift */ = {isa = PBXFileReference; lastKnownFileType = sourcecode.swift; path = PhotoProtocol.swift; sourceTree = "<group>"; };
		5ACAC35923DF7A3700731AAB /* Location.swift */ = {isa = PBXFileReference; lastKnownFileType = sourcecode.swift; path = Location.swift; sourceTree = "<group>"; };
		5ACAC35B23DF7A9400731AAB /* Photo.swift */ = {isa = PBXFileReference; lastKnownFileType = sourcecode.swift; path = Photo.swift; sourceTree = "<group>"; };
		5ACAC35E23DF7B4E00731AAB /* Decodable.swift */ = {isa = PBXFileReference; lastKnownFileType = sourcecode.swift; path = Decodable.swift; sourceTree = "<group>"; };
		5ACAC36023DF7C4500731AAB /* Match.swift */ = {isa = PBXFileReference; lastKnownFileType = sourcecode.swift; path = Match.swift; sourceTree = "<group>"; };
		5ACAC36523DF7DDE00731AAB /* APIConfig.swift */ = {isa = PBXFileReference; lastKnownFileType = sourcecode.swift; path = APIConfig.swift; sourceTree = "<group>"; };
		5ACAC36723DF7DE500731AAB /* NetworkingConfigurable.swift */ = {isa = PBXFileReference; lastKnownFileType = sourcecode.swift; path = NetworkingConfigurable.swift; sourceTree = "<group>"; };
		5ACAC36B23DF7DF900731AAB /* MatchesAPIConfigurable.swift */ = {isa = PBXFileReference; lastKnownFileType = sourcecode.swift; path = MatchesAPIConfigurable.swift; sourceTree = "<group>"; };
		5ACAC36D23DF7E5200731AAB /* MatchesAdapter.swift */ = {isa = PBXFileReference; lastKnownFileType = sourcecode.swift; path = MatchesAdapter.swift; sourceTree = "<group>"; };
		5ACAC36F23DF7E7100731AAB /* NetworkingAdapter.swift */ = {isa = PBXFileReference; lastKnownFileType = sourcecode.swift; path = NetworkingAdapter.swift; sourceTree = "<group>"; };
		5ACAC37223DF7EEF00731AAB /* MatchesAdapter+Config.swift */ = {isa = PBXFileReference; lastKnownFileType = sourcecode.swift; path = "MatchesAdapter+Config.swift"; sourceTree = "<group>"; };
		5ACAC37923DF7F9800731AAB /* MatchesModule.framework */ = {isa = PBXFileReference; explicitFileType = wrapper.framework; includeInIndex = 0; path = MatchesModule.framework; sourceTree = BUILT_PRODUCTS_DIR; };
		5ACAC37B23DF7F9800731AAB /* MatchesModule.h */ = {isa = PBXFileReference; lastKnownFileType = sourcecode.c.h; path = MatchesModule.h; sourceTree = "<group>"; };
		5ACAC37C23DF7F9800731AAB /* Info.plist */ = {isa = PBXFileReference; lastKnownFileType = text.plist.xml; path = Info.plist; sourceTree = "<group>"; };
		5ACAC38523DF801700731AAB /* MatchesModule.swift */ = {isa = PBXFileReference; lastKnownFileType = sourcecode.swift; path = MatchesModule.swift; sourceTree = "<group>"; };
		5ACAC38823DF80E000731AAB /* MainRoutingListenerAggregator.swift */ = {isa = PBXFileReference; lastKnownFileType = sourcecode.swift; path = MainRoutingListenerAggregator.swift; sourceTree = "<group>"; };
		5ACAC38A23DF80F500731AAB /* AppDelegateRoutingEventsListener.swift */ = {isa = PBXFileReference; lastKnownFileType = sourcecode.swift; path = AppDelegateRoutingEventsListener.swift; sourceTree = "<group>"; };
		5ACAC38C23DF810E00731AAB /* AppDelegateEvent.swift */ = {isa = PBXFileReference; lastKnownFileType = sourcecode.swift; path = AppDelegateEvent.swift; sourceTree = "<group>"; };
		5ACAC38F23DF815100731AAB /* MatchesRoutingListener.swift */ = {isa = PBXFileReference; lastKnownFileType = sourcecode.swift; path = MatchesRoutingListener.swift; sourceTree = "<group>"; };
		5ACAC39223DF826300731AAB /* MatchesSetup.swift */ = {isa = PBXFileReference; lastKnownFileType = sourcecode.swift; path = MatchesSetup.swift; sourceTree = "<group>"; };
		5ACAC39723DF832D00731AAB /* MatchesState.swift */ = {isa = PBXFileReference; lastKnownFileType = sourcecode.swift; path = MatchesState.swift; sourceTree = "<group>"; };
		5ACAC39A23DF833C00731AAB /* MatchesActions.swift */ = {isa = PBXFileReference; lastKnownFileType = sourcecode.swift; path = MatchesActions.swift; sourceTree = "<group>"; };
		5ACAC39C23DF834400731AAB /* MatchesViewModel.swift */ = {isa = PBXFileReference; lastKnownFileType = sourcecode.swift; path = MatchesViewModel.swift; sourceTree = "<group>"; };
		5ACAC39E23DF835900731AAB /* MatchesViewController.swift */ = {isa = PBXFileReference; lastKnownFileType = sourcecode.swift; path = MatchesViewController.swift; sourceTree = "<group>"; };
		5ACAC3A123DF837500731AAB /* weakify.swift */ = {isa = PBXFileReference; lastKnownFileType = sourcecode.swift; path = weakify.swift; sourceTree = "<group>"; };
		5ACAC3A323DF838500731AAB /* ConfigureOperator.swift */ = {isa = PBXFileReference; lastKnownFileType = sourcecode.swift; path = ConfigureOperator.swift; sourceTree = "<group>"; };
		5ACAC3A623DF839600731AAB /* ObservableType.swift */ = {isa = PBXFileReference; lastKnownFileType = sourcecode.swift; path = ObservableType.swift; sourceTree = "<group>"; };
		61CAA089EB494B2925CA041D /* Pods_OCFoundationTests.framework */ = {isa = PBXFileReference; explicitFileType = wrapper.framework; includeInIndex = 0; path = Pods_OCFoundationTests.framework; sourceTree = BUILT_PRODUCTS_DIR; };
		65E9B6CCF15684BCD4C8B4C8 /* Pods-OCFoundationTests.release.xcconfig */ = {isa = PBXFileReference; includeInIndex = 1; lastKnownFileType = text.xcconfig; name = "Pods-OCFoundationTests.release.xcconfig"; path = "Target Support Files/Pods-OCFoundationTests/Pods-OCFoundationTests.release.xcconfig"; sourceTree = "<group>"; };
		6700C4C831AEDDF63ADE073E /* Pods_Modules_MatchesModule.framework */ = {isa = PBXFileReference; explicitFileType = wrapper.framework; includeInIndex = 0; path = Pods_Modules_MatchesModule.framework; sourceTree = BUILT_PRODUCTS_DIR; };
		759C7E67349B5F241D00E30D /* Pods-OkCupid.release.xcconfig */ = {isa = PBXFileReference; includeInIndex = 1; lastKnownFileType = text.xcconfig; name = "Pods-OkCupid.release.xcconfig"; path = "Target Support Files/Pods-OkCupid/Pods-OkCupid.release.xcconfig"; sourceTree = "<group>"; };
		B995ED1991FFD4B1BF73EBD4 /* Pods_Modules_OCFoundation.framework */ = {isa = PBXFileReference; explicitFileType = wrapper.framework; includeInIndex = 0; path = Pods_Modules_OCFoundation.framework; sourceTree = BUILT_PRODUCTS_DIR; };
		C68B47E132BDC13EE398E245 /* Pods-OkCupid.debug.xcconfig */ = {isa = PBXFileReference; includeInIndex = 1; lastKnownFileType = text.xcconfig; name = "Pods-OkCupid.debug.xcconfig"; path = "Target Support Files/Pods-OkCupid/Pods-OkCupid.debug.xcconfig"; sourceTree = "<group>"; };
		D523D5A2647DF77279A94F28 /* Pods-OCFoundationTests.debug.xcconfig */ = {isa = PBXFileReference; includeInIndex = 1; lastKnownFileType = text.xcconfig; name = "Pods-OCFoundationTests.debug.xcconfig"; path = "Target Support Files/Pods-OCFoundationTests/Pods-OCFoundationTests.debug.xcconfig"; sourceTree = "<group>"; };
		DB1417A3E3739D7337D3F25F /* Pods-Modules-OCFoundation.release.xcconfig */ = {isa = PBXFileReference; includeInIndex = 1; lastKnownFileType = text.xcconfig; name = "Pods-Modules-OCFoundation.release.xcconfig"; path = "Target Support Files/Pods-Modules-OCFoundation/Pods-Modules-OCFoundation.release.xcconfig"; sourceTree = "<group>"; };
		DE02C55ECE1B31A55297E736 /* Pods-Modules-MatchesModule.debug.xcconfig */ = {isa = PBXFileReference; includeInIndex = 1; lastKnownFileType = text.xcconfig; name = "Pods-Modules-MatchesModule.debug.xcconfig"; path = "Target Support Files/Pods-Modules-MatchesModule/Pods-Modules-MatchesModule.debug.xcconfig"; sourceTree = "<group>"; };
/* End PBXFileReference section */

/* Begin PBXFrameworksBuildPhase section */
		5A026A0723DFA67D00F58E43 /* Frameworks */ = {
			isa = PBXFrameworksBuildPhase;
			buildActionMask = 2147483647;
			files = (
			);
			runOnlyForDeploymentPostprocessing = 0;
		};
		5A3A915923DF9C7C004A6AE1 /* Frameworks */ = {
			isa = PBXFrameworksBuildPhase;
			buildActionMask = 2147483647;
			files = (
				D09FB376B3EBFBD80F45BDAA /* Pods_OCFoundationTests.framework in Frameworks */,
			);
			runOnlyForDeploymentPostprocessing = 0;
		};
		5ACAC31523DF711200731AAB /* Frameworks */ = {
			isa = PBXFrameworksBuildPhase;
			buildActionMask = 2147483647;
			files = (
				5A71B81123DF923700AA59B1 /* OCFoundation.framework in Frameworks */,
				5A026A1123DFA67E00F58E43 /* OCUIKit.framework in Frameworks */,
				5A71B80E23DF923600AA59B1 /* MatchesModule.framework in Frameworks */,
				DB0ED5DAC8DB8E0DD53BCE8F /* Pods_OkCupid.framework in Frameworks */,
			);
			runOnlyForDeploymentPostprocessing = 0;
		};
		5ACAC33223DF770600731AAB /* Frameworks */ = {
			isa = PBXFrameworksBuildPhase;
			buildActionMask = 2147483647;
			files = (
				D3D20CDFFD3941E06A330B4A /* Pods_Modules_OCFoundation.framework in Frameworks */,
			);
			runOnlyForDeploymentPostprocessing = 0;
		};
		5ACAC37623DF7F9800731AAB /* Frameworks */ = {
			isa = PBXFrameworksBuildPhase;
			buildActionMask = 2147483647;
			files = (
				4987BE2BF38D966847A12031 /* Pods_Modules_MatchesModule.framework in Frameworks */,
			);
			runOnlyForDeploymentPostprocessing = 0;
		};
/* End PBXFrameworksBuildPhase section */

/* Begin PBXGroup section */
		3111860C1D7614D399D02DBE /* Frameworks */ = {
			isa = PBXGroup;
			children = (
				6700C4C831AEDDF63ADE073E /* Pods_Modules_MatchesModule.framework */,
				B995ED1991FFD4B1BF73EBD4 /* Pods_Modules_OCFoundation.framework */,
				31CA83C618A63BC6F40821A5 /* Pods_OkCupid.framework */,
				61CAA089EB494B2925CA041D /* Pods_OCFoundationTests.framework */,
			);
			name = Frameworks;
			sourceTree = "<group>";
		};
		5A026A0B23DFA67D00F58E43 /* OCUIKit */ = {
			isa = PBXGroup;
			children = (
				5A026A1623DFA69900F58E43 /* UICollectionViewCells */,
				5A026A0C23DFA67D00F58E43 /* OCUIKit.h */,
				5A026A0D23DFA67E00F58E43 /* Info.plist */,
			);
			path = OCUIKit;
			sourceTree = "<group>";
		};
		5A026A1623DFA69900F58E43 /* UICollectionViewCells */ = {
			isa = PBXGroup;
			children = (
				5A026A1723DFA6B300F58E43 /* Protocols */,
				5A026A1A23DFA6D600F58E43 /* TitleCell.swift */,
			);
			path = UICollectionViewCells;
			sourceTree = "<group>";
		};
		5A026A1723DFA6B300F58E43 /* Protocols */ = {
			isa = PBXGroup;
			children = (
				5A026A1823DFA6BE00F58E43 /* TitleViewProtocol.swift */,
			);
			path = Protocols;
			sourceTree = "<group>";
		};
		5A026A1E23DFA8FF00F58E43 /* Router */ = {
			isa = PBXGroup;
			children = (
				5A026A1F23DFA90800F58E43 /* TabbarControllerRouter.swift */,
			);
			path = Router;
			sourceTree = "<group>";
		};
		5A3A915D23DF9C7C004A6AE1 /* OCFoundationTests */ = {
			isa = PBXGroup;
			children = (
				5A3A916D23DF9D4A004A6AE1 /* Mocks */,
				5A3A916023DF9C7C004A6AE1 /* Info.plist */,
				5A3A916623DF9CB9004A6AE1 /* WeakifyTests.swift */,
				5A3A916A23DF9D1F004A6AE1 /* ModelsTest */,
			);
			path = OCFoundationTests;
			sourceTree = "<group>";
		};
		5A3A916A23DF9D1F004A6AE1 /* ModelsTest */ = {
			isa = PBXGroup;
			children = (
				5A3A916B23DF9D2D004A6AE1 /* ModelsDecodingTests.swift */,
			);
			path = ModelsTest;
			sourceTree = "<group>";
		};
		5A3A916D23DF9D4A004A6AE1 /* Mocks */ = {
			isa = PBXGroup;
			children = (
				5A3A916E23DF9D51004A6AE1 /* ModelsJSON */,
			);
			path = Mocks;
			sourceTree = "<group>";
		};
		5A3A916E23DF9D51004A6AE1 /* ModelsJSON */ = {
			isa = PBXGroup;
			children = (
				5A3A916F23DF9D89004A6AE1 /* matches.json */,
			);
			path = ModelsJSON;
			sourceTree = "<group>";
		};
		5ACAC30F23DF711200731AAB = {
			isa = PBXGroup;
			children = (
				5ACAC32F23DF759A00731AAB /* Modules */,
				5ACAC31A23DF711200731AAB /* OkCupid */,
				5ACAC33623DF770600731AAB /* OCFoundation */,
				5A026A0B23DFA67D00F58E43 /* OCUIKit */,
				5ACAC31923DF711200731AAB /* Products */,
				861FFB5D7D7C62F932DDA40B /* Pods */,
				3111860C1D7614D399D02DBE /* Frameworks */,
			);
			sourceTree = "<group>";
		};
		5ACAC31923DF711200731AAB /* Products */ = {
			isa = PBXGroup;
			children = (
				5ACAC31823DF711200731AAB /* OkCupid.app */,
				5ACAC33523DF770600731AAB /* OCFoundation.framework */,
				5ACAC37923DF7F9800731AAB /* MatchesModule.framework */,
				5A3A915C23DF9C7C004A6AE1 /* OCFoundationTests.xctest */,
				5A026A0A23DFA67D00F58E43 /* OCUIKit.framework */,
			);
			name = Products;
			sourceTree = "<group>";
		};
		5ACAC31A23DF711200731AAB /* OkCupid */ = {
			isa = PBXGroup;
			children = (
				5A026A1E23DFA8FF00F58E43 /* Router */,
				5ACAC39123DF825C00731AAB /* Routes */,
				5ACAC38723DF80D100731AAB /* EventListeners */,
				5ACAC37123DF7EE200731AAB /* Networking */,
				5ACAC31B23DF711200731AAB /* AppDelegate.swift */,
				5ACAC31F23DF711200731AAB /* ViewController.swift */,
				5ACAC32423DF711400731AAB /* Assets.xcassets */,
				5ACAC32623DF711400731AAB /* LaunchScreen.storyboard */,
				5ACAC32923DF711400731AAB /* Info.plist */,
				5ACAC38C23DF810E00731AAB /* AppDelegateEvent.swift */,
			);
			path = OkCupid;
			sourceTree = "<group>";
		};
		5ACAC32F23DF759A00731AAB /* Modules */ = {
			isa = PBXGroup;
			children = (
				5ACAC37A23DF7F9800731AAB /* MatchesModule */,
			);
			path = Modules;
			sourceTree = "<group>";
		};
		5ACAC33623DF770600731AAB /* OCFoundation */ = {
			isa = PBXGroup;
			children = (
				5ACAC35D23DF7B3E00731AAB /* Extensions */,
				5ACAC34523DF772400731AAB /* Networking */,
				5ACAC34223DF771200731AAB /* Error */,
				5ACAC33723DF770600731AAB /* OCFoundation.h */,
				5ACAC33823DF770600731AAB /* Info.plist */,
				5A3A915D23DF9C7C004A6AE1 /* OCFoundationTests */,
			);
			path = OCFoundation;
			sourceTree = "<group>";
		};
		5ACAC34223DF771200731AAB /* Error */ = {
			isa = PBXGroup;
			children = (
				5ACAC34323DF771900731AAB /* AppError.swift */,
			);
			path = Error;
			sourceTree = "<group>";
		};
		5ACAC34523DF772400731AAB /* Networking */ = {
			isa = PBXGroup;
			children = (
				5ACAC34723DF773200731AAB /* Adapters */,
				5ACAC34623DF772B00731AAB /* Models */,
				5ACAC34823DF774C00731AAB /* APIManager.swift */,
				5ACAC34A23DF777B00731AAB /* Request.swift */,
				5ACAC34C23DF77A700731AAB /* EntitiesUtil.swift */,
			);
			path = Networking;
			sourceTree = "<group>";
		};
		5ACAC34623DF772B00731AAB /* Models */ = {
			isa = PBXGroup;
			children = (
				5ACAC35923DF7A3700731AAB /* Location.swift */,
				5ACAC36023DF7C4500731AAB /* Match.swift */,
				5ACAC35B23DF7A9400731AAB /* Photo.swift */,
				5ACAC34E23DF78D900731AAB /* Protocols */,
				5A3A917123DFA23E004A6AE1 /* MatchesPage.swift */,
			);
			path = Models;
			sourceTree = "<group>";
		};
		5ACAC34723DF773200731AAB /* Adapters */ = {
			isa = PBXGroup;
			children = (
				5ACAC36D23DF7E5200731AAB /* MatchesAdapter.swift */,
				5ACAC36F23DF7E7100731AAB /* NetworkingAdapter.swift */,
				5ACAC36423DF7DD600731AAB /* Config */,
			);
			path = Adapters;
			sourceTree = "<group>";
		};
		5ACAC34E23DF78D900731AAB /* Protocols */ = {
			isa = PBXGroup;
			children = (
				5ACAC35123DF78EB00731AAB /* MatchProtocol.swift */,
				5ACAC35723DF79AE00731AAB /* PhotoProtocol.swift */,
				5ACAC35323DF792F00731AAB /* LocationProtocol.swift */,
			);
			path = Protocols;
			sourceTree = "<group>";
		};
		5ACAC35D23DF7B3E00731AAB /* Extensions */ = {
			isa = PBXGroup;
			children = (
				5ACAC3A523DF838D00731AAB /* Rx */,
				5ACAC3A023DF836500731AAB /* Functional */,
				5ACAC35E23DF7B4E00731AAB /* Decodable.swift */,
				5A026A1C23DFA6FD00F58E43 /* UICollectionView.swift */,
			);
			path = Extensions;
			sourceTree = "<group>";
		};
		5ACAC36423DF7DD600731AAB /* Config */ = {
			isa = PBXGroup;
			children = (
				5ACAC36523DF7DDE00731AAB /* APIConfig.swift */,
				5ACAC36723DF7DE500731AAB /* NetworkingConfigurable.swift */,
				5ACAC36B23DF7DF900731AAB /* MatchesAPIConfigurable.swift */,
			);
			path = Config;
			sourceTree = "<group>";
		};
		5ACAC37123DF7EE200731AAB /* Networking */ = {
			isa = PBXGroup;
			children = (
				5ACAC37223DF7EEF00731AAB /* MatchesAdapter+Config.swift */,
			);
			path = Networking;
			sourceTree = "<group>";
		};
		5ACAC37A23DF7F9800731AAB /* MatchesModule */ = {
			isa = PBXGroup;
			children = (
				5ACAC37B23DF7F9800731AAB /* MatchesModule.h */,
				5ACAC37C23DF7F9800731AAB /* Info.plist */,
				5ACAC38523DF801700731AAB /* MatchesModule.swift */,
				5ACAC39423DF831600731AAB /* Matches */,
			);
			path = MatchesModule;
			sourceTree = "<group>";
		};
		5ACAC38723DF80D100731AAB /* EventListeners */ = {
			isa = PBXGroup;
			children = (
				5ACAC38E23DF813E00731AAB /* MainRoutingListeners */,
				5ACAC38823DF80E000731AAB /* MainRoutingListenerAggregator.swift */,
				5ACAC38A23DF80F500731AAB /* AppDelegateRoutingEventsListener.swift */,
			);
			path = EventListeners;
			sourceTree = "<group>";
		};
		5ACAC38E23DF813E00731AAB /* MainRoutingListeners */ = {
			isa = PBXGroup;
			children = (
				5ACAC38F23DF815100731AAB /* MatchesRoutingListener.swift */,
			);
			path = MainRoutingListeners;
			sourceTree = "<group>";
		};
		5ACAC39123DF825C00731AAB /* Routes */ = {
			isa = PBXGroup;
			children = (
				5ACAC39223DF826300731AAB /* MatchesSetup.swift */,
			);
			path = Routes;
			sourceTree = "<group>";
		};
		5ACAC39423DF831600731AAB /* Matches */ = {
			isa = PBXGroup;
			children = (
				5ACAC39623DF831F00731AAB /* ViewModel */,
				5ACAC39523DF831C00731AAB /* View */,
			);
			path = Matches;
			sourceTree = "<group>";
		};
		5ACAC39523DF831C00731AAB /* View */ = {
			isa = PBXGroup;
			children = (
				5ACAC39E23DF835900731AAB /* MatchesViewController.swift */,
			);
			path = View;
			sourceTree = "<group>";
		};
		5ACAC39623DF831F00731AAB /* ViewModel */ = {
			isa = PBXGroup;
			children = (
				5ACAC39723DF832D00731AAB /* MatchesState.swift */,
				5ACAC39A23DF833C00731AAB /* MatchesActions.swift */,
				5ACAC39C23DF834400731AAB /* MatchesViewModel.swift */,
			);
			path = ViewModel;
			sourceTree = "<group>";
		};
		5ACAC3A023DF836500731AAB /* Functional */ = {
			isa = PBXGroup;
			children = (
				5ACAC3A123DF837500731AAB /* weakify.swift */,
				5ACAC3A323DF838500731AAB /* ConfigureOperator.swift */,
			);
			path = Functional;
			sourceTree = "<group>";
		};
		5ACAC3A523DF838D00731AAB /* Rx */ = {
			isa = PBXGroup;
			children = (
				5ACAC3A623DF839600731AAB /* ObservableType.swift */,
			);
			path = Rx;
			sourceTree = "<group>";
		};
		861FFB5D7D7C62F932DDA40B /* Pods */ = {
			isa = PBXGroup;
			children = (
				DE02C55ECE1B31A55297E736 /* Pods-Modules-MatchesModule.debug.xcconfig */,
				3DF8BBFBDAC2A7C099EDDB13 /* Pods-Modules-MatchesModule.release.xcconfig */,
				3CE6F1B3E196668620A976F3 /* Pods-Modules-OCFoundation.debug.xcconfig */,
				DB1417A3E3739D7337D3F25F /* Pods-Modules-OCFoundation.release.xcconfig */,
				C68B47E132BDC13EE398E245 /* Pods-OkCupid.debug.xcconfig */,
				759C7E67349B5F241D00E30D /* Pods-OkCupid.release.xcconfig */,
				D523D5A2647DF77279A94F28 /* Pods-OCFoundationTests.debug.xcconfig */,
				65E9B6CCF15684BCD4C8B4C8 /* Pods-OCFoundationTests.release.xcconfig */,
			);
			path = Pods;
			sourceTree = "<group>";
		};
/* End PBXGroup section */

/* Begin PBXHeadersBuildPhase section */
		5A026A0523DFA67D00F58E43 /* Headers */ = {
			isa = PBXHeadersBuildPhase;
			buildActionMask = 2147483647;
			files = (
				5A026A0E23DFA67E00F58E43 /* OCUIKit.h in Headers */,
			);
			runOnlyForDeploymentPostprocessing = 0;
		};
		5ACAC33023DF770600731AAB /* Headers */ = {
			isa = PBXHeadersBuildPhase;
			buildActionMask = 2147483647;
			files = (
				5ACAC33923DF770600731AAB /* OCFoundation.h in Headers */,
			);
			runOnlyForDeploymentPostprocessing = 0;
		};
		5ACAC37423DF7F9800731AAB /* Headers */ = {
			isa = PBXHeadersBuildPhase;
			buildActionMask = 2147483647;
			files = (
				5ACAC37D23DF7F9800731AAB /* MatchesModule.h in Headers */,
			);
			runOnlyForDeploymentPostprocessing = 0;
		};
/* End PBXHeadersBuildPhase section */

/* Begin PBXNativeTarget section */
		5A026A0923DFA67D00F58E43 /* OCUIKit */ = {
			isa = PBXNativeTarget;
			buildConfigurationList = 5A026A1523DFA67E00F58E43 /* Build configuration list for PBXNativeTarget "OCUIKit" */;
			buildPhases = (
				5A026A0523DFA67D00F58E43 /* Headers */,
				5A026A0623DFA67D00F58E43 /* Sources */,
				5A026A0723DFA67D00F58E43 /* Frameworks */,
				5A026A0823DFA67D00F58E43 /* Resources */,
			);
			buildRules = (
			);
			dependencies = (
			);
			name = OCUIKit;
			productName = OCUIKit;
			productReference = 5A026A0A23DFA67D00F58E43 /* OCUIKit.framework */;
			productType = "com.apple.product-type.framework";
		};
		5A3A915B23DF9C7C004A6AE1 /* OCFoundationTests */ = {
			isa = PBXNativeTarget;
			buildConfigurationList = 5A3A916323DF9C7C004A6AE1 /* Build configuration list for PBXNativeTarget "OCFoundationTests" */;
			buildPhases = (
				984D9CB13A7CAC0A52A19C60 /* [CP] Check Pods Manifest.lock */,
				5A3A915823DF9C7C004A6AE1 /* Sources */,
				5A3A915923DF9C7C004A6AE1 /* Frameworks */,
				5A3A915A23DF9C7C004A6AE1 /* Resources */,
				30F07C07DF27C43E5B29C983 /* [CP] Embed Pods Frameworks */,
			);
			buildRules = (
			);
			dependencies = (
				5A3A916923DF9CDD004A6AE1 /* PBXTargetDependency */,
				5A3A916223DF9C7C004A6AE1 /* PBXTargetDependency */,
			);
			name = OCFoundationTests;
			productName = OCFoundationTests;
			productReference = 5A3A915C23DF9C7C004A6AE1 /* OCFoundationTests.xctest */;
			productType = "com.apple.product-type.bundle.unit-test";
		};
		5ACAC31723DF711200731AAB /* OkCupid */ = {
			isa = PBXNativeTarget;
			buildConfigurationList = 5ACAC32C23DF711400731AAB /* Build configuration list for PBXNativeTarget "OkCupid" */;
			buildPhases = (
				EBC2F50CBEF806472567B4E2 /* [CP] Check Pods Manifest.lock */,
				5ACAC31423DF711200731AAB /* Sources */,
				5ACAC31523DF711200731AAB /* Frameworks */,
				5ACAC31623DF711200731AAB /* Resources */,
				5A71B81023DF923600AA59B1 /* Embed Frameworks */,
				C8751CBDAD6D71C4026832A9 /* [CP] Embed Pods Frameworks */,
			);
			buildRules = (
			);
			dependencies = (
				5ACAC33B23DF770600731AAB /* PBXTargetDependency */,
				5ACAC37F23DF7F9800731AAB /* PBXTargetDependency */,
				5A026A1023DFA67E00F58E43 /* PBXTargetDependency */,
			);
			name = OkCupid;
			productName = OkCubid;
			productReference = 5ACAC31823DF711200731AAB /* OkCupid.app */;
			productType = "com.apple.product-type.application";
		};
		5ACAC33423DF770600731AAB /* OCFoundation */ = {
			isa = PBXNativeTarget;
			buildConfigurationList = 5ACAC33E23DF770600731AAB /* Build configuration list for PBXNativeTarget "OCFoundation" */;
			buildPhases = (
				94DD5F1DF810334DC600761A /* [CP] Check Pods Manifest.lock */,
				5ACAC33023DF770600731AAB /* Headers */,
				5ACAC33123DF770600731AAB /* Sources */,
				5ACAC33223DF770600731AAB /* Frameworks */,
				5ACAC33323DF770600731AAB /* Resources */,
			);
			buildRules = (
			);
			dependencies = (
			);
			name = OCFoundation;
			productName = OCFoundation;
			productReference = 5ACAC33523DF770600731AAB /* OCFoundation.framework */;
			productType = "com.apple.product-type.framework";
		};
		5ACAC37823DF7F9800731AAB /* MatchesModule */ = {
			isa = PBXNativeTarget;
			buildConfigurationList = 5ACAC38223DF7F9800731AAB /* Build configuration list for PBXNativeTarget "MatchesModule" */;
			buildPhases = (
				D07192349A60969699BD904C /* [CP] Check Pods Manifest.lock */,
				5ACAC37423DF7F9800731AAB /* Headers */,
				5ACAC37523DF7F9800731AAB /* Sources */,
				5ACAC37623DF7F9800731AAB /* Frameworks */,
				5ACAC37723DF7F9800731AAB /* Resources */,
			);
			buildRules = (
			);
			dependencies = (
				5ACAC3BA23DF856400731AAB /* PBXTargetDependency */,
			);
			name = MatchesModule;
			productName = MatchesModule;
			productReference = 5ACAC37923DF7F9800731AAB /* MatchesModule.framework */;
			productType = "com.apple.product-type.framework";
		};
/* End PBXNativeTarget section */

/* Begin PBXProject section */
		5ACAC31023DF711200731AAB /* Project object */ = {
			isa = PBXProject;
			attributes = {
				LastSwiftUpdateCheck = 1130;
				LastUpgradeCheck = 1130;
				ORGANIZATIONNAME = "Vlad Z.";
				TargetAttributes = {
					5A026A0923DFA67D00F58E43 = {
						CreatedOnToolsVersion = 11.3.1;
						LastSwiftMigration = 1130;
					};
					5A3A915B23DF9C7C004A6AE1 = {
						CreatedOnToolsVersion = 11.3.1;
						LastSwiftMigration = 1130;
						TestTargetID = 5ACAC31723DF711200731AAB;
					};
					5ACAC31723DF711200731AAB = {
						CreatedOnToolsVersion = 11.3.1;
					};
					5ACAC33423DF770600731AAB = {
						CreatedOnToolsVersion = 11.3.1;
						LastSwiftMigration = 1130;
					};
					5ACAC37823DF7F9800731AAB = {
						CreatedOnToolsVersion = 11.3.1;
						LastSwiftMigration = 1130;
					};
				};
			};
			buildConfigurationList = 5ACAC31323DF711200731AAB /* Build configuration list for PBXProject "OkCupid" */;
			compatibilityVersion = "Xcode 9.3";
			developmentRegion = en;
			hasScannedForEncodings = 0;
			knownRegions = (
				en,
				Base,
			);
			mainGroup = 5ACAC30F23DF711200731AAB;
			productRefGroup = 5ACAC31923DF711200731AAB /* Products */;
			projectDirPath = "";
			projectRoot = "";
			targets = (
				5ACAC31723DF711200731AAB /* OkCupid */,
				5A026A0923DFA67D00F58E43 /* OCUIKit */,
				5ACAC33423DF770600731AAB /* OCFoundation */,
				5ACAC37823DF7F9800731AAB /* MatchesModule */,
				5A3A915B23DF9C7C004A6AE1 /* OCFoundationTests */,
			);
		};
/* End PBXProject section */

/* Begin PBXResourcesBuildPhase section */
		5A026A0823DFA67D00F58E43 /* Resources */ = {
			isa = PBXResourcesBuildPhase;
			buildActionMask = 2147483647;
			files = (
			);
			runOnlyForDeploymentPostprocessing = 0;
		};
		5A3A915A23DF9C7C004A6AE1 /* Resources */ = {
			isa = PBXResourcesBuildPhase;
			buildActionMask = 2147483647;
			files = (
				5A3A917023DF9D89004A6AE1 /* matches.json in Resources */,
			);
			runOnlyForDeploymentPostprocessing = 0;
		};
		5ACAC31623DF711200731AAB /* Resources */ = {
			isa = PBXResourcesBuildPhase;
			buildActionMask = 2147483647;
			files = (
				5ACAC32823DF711400731AAB /* LaunchScreen.storyboard in Resources */,
				5ACAC32523DF711400731AAB /* Assets.xcassets in Resources */,
			);
			runOnlyForDeploymentPostprocessing = 0;
		};
		5ACAC33323DF770600731AAB /* Resources */ = {
			isa = PBXResourcesBuildPhase;
			buildActionMask = 2147483647;
			files = (
			);
			runOnlyForDeploymentPostprocessing = 0;
		};
		5ACAC37723DF7F9800731AAB /* Resources */ = {
			isa = PBXResourcesBuildPhase;
			buildActionMask = 2147483647;
			files = (
			);
			runOnlyForDeploymentPostprocessing = 0;
		};
/* End PBXResourcesBuildPhase section */

/* Begin PBXShellScriptBuildPhase section */
		30F07C07DF27C43E5B29C983 /* [CP] Embed Pods Frameworks */ = {
			isa = PBXShellScriptBuildPhase;
			buildActionMask = 2147483647;
			files = (
			);
			inputFileListPaths = (
				"${PODS_ROOT}/Target Support Files/Pods-OCFoundationTests/Pods-OCFoundationTests-frameworks-${CONFIGURATION}-input-files.xcfilelist",
			);
			name = "[CP] Embed Pods Frameworks";
			outputFileListPaths = (
				"${PODS_ROOT}/Target Support Files/Pods-OCFoundationTests/Pods-OCFoundationTests-frameworks-${CONFIGURATION}-output-files.xcfilelist",
			);
			runOnlyForDeploymentPostprocessing = 0;
			shellPath = /bin/sh;
			shellScript = "\"${PODS_ROOT}/Target Support Files/Pods-OCFoundationTests/Pods-OCFoundationTests-frameworks.sh\"\n";
			showEnvVarsInLog = 0;
		};
		94DD5F1DF810334DC600761A /* [CP] Check Pods Manifest.lock */ = {
			isa = PBXShellScriptBuildPhase;
			buildActionMask = 2147483647;
			files = (
			);
			inputFileListPaths = (
			);
			inputPaths = (
				"${PODS_PODFILE_DIR_PATH}/Podfile.lock",
				"${PODS_ROOT}/Manifest.lock",
			);
			name = "[CP] Check Pods Manifest.lock";
			outputFileListPaths = (
			);
			outputPaths = (
				"$(DERIVED_FILE_DIR)/Pods-Modules-OCFoundation-checkManifestLockResult.txt",
			);
			runOnlyForDeploymentPostprocessing = 0;
			shellPath = /bin/sh;
			shellScript = "diff \"${PODS_PODFILE_DIR_PATH}/Podfile.lock\" \"${PODS_ROOT}/Manifest.lock\" > /dev/null\nif [ $? != 0 ] ; then\n    # print error to STDERR\n    echo \"error: The sandbox is not in sync with the Podfile.lock. Run 'pod install' or update your CocoaPods installation.\" >&2\n    exit 1\nfi\n# This output is used by Xcode 'outputs' to avoid re-running this script phase.\necho \"SUCCESS\" > \"${SCRIPT_OUTPUT_FILE_0}\"\n";
			showEnvVarsInLog = 0;
		};
		984D9CB13A7CAC0A52A19C60 /* [CP] Check Pods Manifest.lock */ = {
			isa = PBXShellScriptBuildPhase;
			buildActionMask = 2147483647;
			files = (
			);
			inputFileListPaths = (
			);
			inputPaths = (
				"${PODS_PODFILE_DIR_PATH}/Podfile.lock",
				"${PODS_ROOT}/Manifest.lock",
			);
			name = "[CP] Check Pods Manifest.lock";
			outputFileListPaths = (
			);
			outputPaths = (
				"$(DERIVED_FILE_DIR)/Pods-OCFoundationTests-checkManifestLockResult.txt",
			);
			runOnlyForDeploymentPostprocessing = 0;
			shellPath = /bin/sh;
			shellScript = "diff \"${PODS_PODFILE_DIR_PATH}/Podfile.lock\" \"${PODS_ROOT}/Manifest.lock\" > /dev/null\nif [ $? != 0 ] ; then\n    # print error to STDERR\n    echo \"error: The sandbox is not in sync with the Podfile.lock. Run 'pod install' or update your CocoaPods installation.\" >&2\n    exit 1\nfi\n# This output is used by Xcode 'outputs' to avoid re-running this script phase.\necho \"SUCCESS\" > \"${SCRIPT_OUTPUT_FILE_0}\"\n";
			showEnvVarsInLog = 0;
		};
		C8751CBDAD6D71C4026832A9 /* [CP] Embed Pods Frameworks */ = {
			isa = PBXShellScriptBuildPhase;
			buildActionMask = 2147483647;
			files = (
			);
			inputFileListPaths = (
				"${PODS_ROOT}/Target Support Files/Pods-OkCupid/Pods-OkCupid-frameworks-${CONFIGURATION}-input-files.xcfilelist",
			);
			name = "[CP] Embed Pods Frameworks";
			outputFileListPaths = (
				"${PODS_ROOT}/Target Support Files/Pods-OkCupid/Pods-OkCupid-frameworks-${CONFIGURATION}-output-files.xcfilelist",
			);
			runOnlyForDeploymentPostprocessing = 0;
			shellPath = /bin/sh;
			shellScript = "\"${PODS_ROOT}/Target Support Files/Pods-OkCupid/Pods-OkCupid-frameworks.sh\"\n";
			showEnvVarsInLog = 0;
		};
		D07192349A60969699BD904C /* [CP] Check Pods Manifest.lock */ = {
			isa = PBXShellScriptBuildPhase;
			buildActionMask = 2147483647;
			files = (
			);
			inputFileListPaths = (
			);
			inputPaths = (
				"${PODS_PODFILE_DIR_PATH}/Podfile.lock",
				"${PODS_ROOT}/Manifest.lock",
			);
			name = "[CP] Check Pods Manifest.lock";
			outputFileListPaths = (
			);
			outputPaths = (
				"$(DERIVED_FILE_DIR)/Pods-Modules-MatchesModule-checkManifestLockResult.txt",
			);
			runOnlyForDeploymentPostprocessing = 0;
			shellPath = /bin/sh;
			shellScript = "diff \"${PODS_PODFILE_DIR_PATH}/Podfile.lock\" \"${PODS_ROOT}/Manifest.lock\" > /dev/null\nif [ $? != 0 ] ; then\n    # print error to STDERR\n    echo \"error: The sandbox is not in sync with the Podfile.lock. Run 'pod install' or update your CocoaPods installation.\" >&2\n    exit 1\nfi\n# This output is used by Xcode 'outputs' to avoid re-running this script phase.\necho \"SUCCESS\" > \"${SCRIPT_OUTPUT_FILE_0}\"\n";
			showEnvVarsInLog = 0;
		};
		EBC2F50CBEF806472567B4E2 /* [CP] Check Pods Manifest.lock */ = {
			isa = PBXShellScriptBuildPhase;
			buildActionMask = 2147483647;
			files = (
			);
			inputFileListPaths = (
			);
			inputPaths = (
				"${PODS_PODFILE_DIR_PATH}/Podfile.lock",
				"${PODS_ROOT}/Manifest.lock",
			);
			name = "[CP] Check Pods Manifest.lock";
			outputFileListPaths = (
			);
			outputPaths = (
				"$(DERIVED_FILE_DIR)/Pods-OkCupid-checkManifestLockResult.txt",
			);
			runOnlyForDeploymentPostprocessing = 0;
			shellPath = /bin/sh;
			shellScript = "diff \"${PODS_PODFILE_DIR_PATH}/Podfile.lock\" \"${PODS_ROOT}/Manifest.lock\" > /dev/null\nif [ $? != 0 ] ; then\n    # print error to STDERR\n    echo \"error: The sandbox is not in sync with the Podfile.lock. Run 'pod install' or update your CocoaPods installation.\" >&2\n    exit 1\nfi\n# This output is used by Xcode 'outputs' to avoid re-running this script phase.\necho \"SUCCESS\" > \"${SCRIPT_OUTPUT_FILE_0}\"\n";
			showEnvVarsInLog = 0;
		};
/* End PBXShellScriptBuildPhase section */

/* Begin PBXSourcesBuildPhase section */
		5A026A0623DFA67D00F58E43 /* Sources */ = {
			isa = PBXSourcesBuildPhase;
			buildActionMask = 2147483647;
			files = (
				5A026A1B23DFA6D600F58E43 /* TitleCell.swift in Sources */,
				5A026A1923DFA6BE00F58E43 /* TitleViewProtocol.swift in Sources */,
			);
			runOnlyForDeploymentPostprocessing = 0;
		};
		5A3A915823DF9C7C004A6AE1 /* Sources */ = {
			isa = PBXSourcesBuildPhase;
			buildActionMask = 2147483647;
			files = (
				5A3A916C23DF9D2D004A6AE1 /* ModelsDecodingTests.swift in Sources */,
				5A3A916723DF9CB9004A6AE1 /* WeakifyTests.swift in Sources */,
			);
			runOnlyForDeploymentPostprocessing = 0;
		};
		5ACAC31423DF711200731AAB /* Sources */ = {
			isa = PBXSourcesBuildPhase;
			buildActionMask = 2147483647;
			files = (
				5ACAC39023DF815100731AAB /* MatchesRoutingListener.swift in Sources */,
				5ACAC38923DF80E000731AAB /* MainRoutingListenerAggregator.swift in Sources */,
				5ACAC38D23DF810E00731AAB /* AppDelegateEvent.swift in Sources */,
				5ACAC39323DF826300731AAB /* MatchesSetup.swift in Sources */,
				5ACAC37323DF7EEF00731AAB /* MatchesAdapter+Config.swift in Sources */,
				5ACAC32023DF711200731AAB /* ViewController.swift in Sources */,
				5ACAC38B23DF80F500731AAB /* AppDelegateRoutingEventsListener.swift in Sources */,
				5A026A2023DFA90800F58E43 /* TabbarControllerRouter.swift in Sources */,
				5ACAC31C23DF711200731AAB /* AppDelegate.swift in Sources */,
			);
			runOnlyForDeploymentPostprocessing = 0;
		};
		5ACAC33123DF770600731AAB /* Sources */ = {
			isa = PBXSourcesBuildPhase;
			buildActionMask = 2147483647;
			files = (
				5ACAC3A723DF839600731AAB /* ObservableType.swift in Sources */,
				5ACAC34D23DF77A700731AAB /* EntitiesUtil.swift in Sources */,
				5ACAC34923DF774C00731AAB /* APIManager.swift in Sources */,
				5ACAC36623DF7DDE00731AAB /* APIConfig.swift in Sources */,
				5ACAC35A23DF7A3700731AAB /* Location.swift in Sources */,
				5ACAC35F23DF7B4E00731AAB /* Decodable.swift in Sources */,
				5ACAC36E23DF7E5200731AAB /* MatchesAdapter.swift in Sources */,
				5ACAC35C23DF7A9400731AAB /* Photo.swift in Sources */,
				5ACAC35423DF792F00731AAB /* LocationProtocol.swift in Sources */,
				5A026A1D23DFA6FD00F58E43 /* UICollectionView.swift in Sources */,
				5ACAC35223DF78EB00731AAB /* MatchProtocol.swift in Sources */,
				5A3A917223DFA23E004A6AE1 /* MatchesPage.swift in Sources */,
				5ACAC34B23DF777B00731AAB /* Request.swift in Sources */,
				5ACAC36123DF7C4500731AAB /* Match.swift in Sources */,
				5ACAC3A223DF837500731AAB /* weakify.swift in Sources */,
				5ACAC3A423DF838500731AAB /* ConfigureOperator.swift in Sources */,
				5ACAC37023DF7E7100731AAB /* NetworkingAdapter.swift in Sources */,
				5ACAC34423DF771900731AAB /* AppError.swift in Sources */,
				5ACAC36823DF7DE500731AAB /* NetworkingConfigurable.swift in Sources */,
				5ACAC35823DF79AE00731AAB /* PhotoProtocol.swift in Sources */,
				5ACAC36C23DF7DF900731AAB /* MatchesAPIConfigurable.swift in Sources */,
			);
			runOnlyForDeploymentPostprocessing = 0;
		};
		5ACAC37523DF7F9800731AAB /* Sources */ = {
			isa = PBXSourcesBuildPhase;
			buildActionMask = 2147483647;
			files = (
				5ACAC39B23DF833C00731AAB /* MatchesActions.swift in Sources */,
				5ACAC38623DF801700731AAB /* MatchesModule.swift in Sources */,
				5ACAC39F23DF835900731AAB /* MatchesViewController.swift in Sources */,
				5ACAC39D23DF834400731AAB /* MatchesViewModel.swift in Sources */,
				5ACAC39923DF833200731AAB /* MatchesState.swift in Sources */,
			);
			runOnlyForDeploymentPostprocessing = 0;
		};
/* End PBXSourcesBuildPhase section */

/* Begin PBXTargetDependency section */
		5A026A1023DFA67E00F58E43 /* PBXTargetDependency */ = {
			isa = PBXTargetDependency;
			target = 5A026A0923DFA67D00F58E43 /* OCUIKit */;
			targetProxy = 5A026A0F23DFA67E00F58E43 /* PBXContainerItemProxy */;
		};
		5A3A916223DF9C7C004A6AE1 /* PBXTargetDependency */ = {
			isa = PBXTargetDependency;
			target = 5ACAC31723DF711200731AAB /* OkCupid */;
			targetProxy = 5A3A916123DF9C7C004A6AE1 /* PBXContainerItemProxy */;
		};
		5A3A916923DF9CDD004A6AE1 /* PBXTargetDependency */ = {
			isa = PBXTargetDependency;
			target = 5ACAC33423DF770600731AAB /* OCFoundation */;
			targetProxy = 5A3A916823DF9CDD004A6AE1 /* PBXContainerItemProxy */;
		};
		5ACAC33B23DF770600731AAB /* PBXTargetDependency */ = {
			isa = PBXTargetDependency;
			target = 5ACAC33423DF770600731AAB /* OCFoundation */;
			targetProxy = 5ACAC33A23DF770600731AAB /* PBXContainerItemProxy */;
		};
		5ACAC37F23DF7F9800731AAB /* PBXTargetDependency */ = {
			isa = PBXTargetDependency;
			target = 5ACAC37823DF7F9800731AAB /* MatchesModule */;
			targetProxy = 5ACAC37E23DF7F9800731AAB /* PBXContainerItemProxy */;
		};
		5ACAC3BA23DF856400731AAB /* PBXTargetDependency */ = {
			isa = PBXTargetDependency;
			target = 5ACAC33423DF770600731AAB /* OCFoundation */;
			targetProxy = 5ACAC3B923DF856400731AAB /* PBXContainerItemProxy */;
		};
/* End PBXTargetDependency section */

/* Begin PBXVariantGroup section */
		5ACAC32623DF711400731AAB /* LaunchScreen.storyboard */ = {
			isa = PBXVariantGroup;
			children = (
				5ACAC32723DF711400731AAB /* Base */,
			);
			name = LaunchScreen.storyboard;
			sourceTree = "<group>";
		};
/* End PBXVariantGroup section */

/* Begin XCBuildConfiguration section */
		5A026A1323DFA67E00F58E43 /* Debug */ = {
			isa = XCBuildConfiguration;
			buildSettings = {
				CLANG_ENABLE_MODULES = YES;
				CODE_SIGN_STYLE = Automatic;
				CURRENT_PROJECT_VERSION = 1;
				DEFINES_MODULE = YES;
				DEVELOPMENT_TEAM = 9CHSEMW6LK;
				DYLIB_COMPATIBILITY_VERSION = 1;
				DYLIB_CURRENT_VERSION = 1;
				DYLIB_INSTALL_NAME_BASE = "@rpath";
				INFOPLIST_FILE = OCUIKit/Info.plist;
				INSTALL_PATH = "$(LOCAL_LIBRARY_DIR)/Frameworks";
				IPHONEOS_DEPLOYMENT_TARGET = 12.0;
				LD_RUNPATH_SEARCH_PATHS = (
					"$(inherited)",
					"@executable_path/Frameworks",
					"@loader_path/Frameworks",
				);
				PRODUCT_BUNDLE_IDENTIFIER = vladz.OCUIKit;
				PRODUCT_NAME = "$(TARGET_NAME:c99extidentifier)";
				SKIP_INSTALL = YES;
				SWIFT_OPTIMIZATION_LEVEL = "-Onone";
				SWIFT_VERSION = 5.0;
				TARGETED_DEVICE_FAMILY = "1,2";
				VERSIONING_SYSTEM = "apple-generic";
				VERSION_INFO_PREFIX = "";
			};
			name = Debug;
		};
		5A026A1423DFA67E00F58E43 /* Release */ = {
			isa = XCBuildConfiguration;
			buildSettings = {
				CLANG_ENABLE_MODULES = YES;
				CODE_SIGN_STYLE = Automatic;
				CURRENT_PROJECT_VERSION = 1;
				DEFINES_MODULE = YES;
				DEVELOPMENT_TEAM = 9CHSEMW6LK;
				DYLIB_COMPATIBILITY_VERSION = 1;
				DYLIB_CURRENT_VERSION = 1;
				DYLIB_INSTALL_NAME_BASE = "@rpath";
				INFOPLIST_FILE = OCUIKit/Info.plist;
				INSTALL_PATH = "$(LOCAL_LIBRARY_DIR)/Frameworks";
				IPHONEOS_DEPLOYMENT_TARGET = 12.0;
				LD_RUNPATH_SEARCH_PATHS = (
					"$(inherited)",
					"@executable_path/Frameworks",
					"@loader_path/Frameworks",
				);
				PRODUCT_BUNDLE_IDENTIFIER = vladz.OCUIKit;
				PRODUCT_NAME = "$(TARGET_NAME:c99extidentifier)";
				SKIP_INSTALL = YES;
				SWIFT_VERSION = 5.0;
				TARGETED_DEVICE_FAMILY = "1,2";
				VERSIONING_SYSTEM = "apple-generic";
				VERSION_INFO_PREFIX = "";
			};
			name = Release;
		};
		5A3A916423DF9C7C004A6AE1 /* Debug */ = {
			isa = XCBuildConfiguration;
			baseConfigurationReference = D523D5A2647DF77279A94F28 /* Pods-OCFoundationTests.debug.xcconfig */;
			buildSettings = {
				BUNDLE_LOADER = "$(TEST_HOST)";
				CLANG_ENABLE_MODULES = YES;
				CODE_SIGN_STYLE = Automatic;
				DEVELOPMENT_TEAM = 9CHSEMW6LK;
				INFOPLIST_FILE = OCFoundation/OCFoundationTests/Info.plist;
				IPHONEOS_DEPLOYMENT_TARGET = 12.0;
				LD_RUNPATH_SEARCH_PATHS = (
					"$(inherited)",
					"@executable_path/Frameworks",
					"@loader_path/Frameworks",
				);
				PRODUCT_BUNDLE_IDENTIFIER = vladz.OCFoundationTests;
				PRODUCT_NAME = "$(TARGET_NAME)";
				SWIFT_OPTIMIZATION_LEVEL = "-Onone";
				SWIFT_VERSION = 5.0;
				TARGETED_DEVICE_FAMILY = "1,2";
				TEST_HOST = "$(BUILT_PRODUCTS_DIR)/OkCupid.app/OkCupid";
			};
			name = Debug;
		};
		5A3A916523DF9C7C004A6AE1 /* Release */ = {
			isa = XCBuildConfiguration;
			baseConfigurationReference = 65E9B6CCF15684BCD4C8B4C8 /* Pods-OCFoundationTests.release.xcconfig */;
			buildSettings = {
				BUNDLE_LOADER = "$(TEST_HOST)";
				CLANG_ENABLE_MODULES = YES;
				CODE_SIGN_STYLE = Automatic;
				DEVELOPMENT_TEAM = 9CHSEMW6LK;
				INFOPLIST_FILE = OCFoundation/OCFoundationTests/Info.plist;
				IPHONEOS_DEPLOYMENT_TARGET = 12.0;
				LD_RUNPATH_SEARCH_PATHS = (
					"$(inherited)",
					"@executable_path/Frameworks",
					"@loader_path/Frameworks",
				);
				PRODUCT_BUNDLE_IDENTIFIER = vladz.OCFoundationTests;
				PRODUCT_NAME = "$(TARGET_NAME)";
				SWIFT_VERSION = 5.0;
				TARGETED_DEVICE_FAMILY = "1,2";
				TEST_HOST = "$(BUILT_PRODUCTS_DIR)/OkCupid.app/OkCupid";
			};
			name = Release;
		};
		5ACAC32A23DF711400731AAB /* Debug */ = {
			isa = XCBuildConfiguration;
			buildSettings = {
				ALWAYS_SEARCH_USER_PATHS = NO;
				CLANG_ANALYZER_NONNULL = YES;
				CLANG_ANALYZER_NUMBER_OBJECT_CONVERSION = YES_AGGRESSIVE;
				CLANG_CXX_LANGUAGE_STANDARD = "gnu++14";
				CLANG_CXX_LIBRARY = "libc++";
				CLANG_ENABLE_MODULES = YES;
				CLANG_ENABLE_OBJC_ARC = YES;
				CLANG_ENABLE_OBJC_WEAK = YES;
				CLANG_WARN_BLOCK_CAPTURE_AUTORELEASING = YES;
				CLANG_WARN_BOOL_CONVERSION = YES;
				CLANG_WARN_COMMA = YES;
				CLANG_WARN_CONSTANT_CONVERSION = YES;
				CLANG_WARN_DEPRECATED_OBJC_IMPLEMENTATIONS = YES;
				CLANG_WARN_DIRECT_OBJC_ISA_USAGE = YES_ERROR;
				CLANG_WARN_DOCUMENTATION_COMMENTS = YES;
				CLANG_WARN_EMPTY_BODY = YES;
				CLANG_WARN_ENUM_CONVERSION = YES;
				CLANG_WARN_INFINITE_RECURSION = YES;
				CLANG_WARN_INT_CONVERSION = YES;
				CLANG_WARN_NON_LITERAL_NULL_CONVERSION = YES;
				CLANG_WARN_OBJC_IMPLICIT_RETAIN_SELF = YES;
				CLANG_WARN_OBJC_LITERAL_CONVERSION = YES;
				CLANG_WARN_OBJC_ROOT_CLASS = YES_ERROR;
				CLANG_WARN_RANGE_LOOP_ANALYSIS = YES;
				CLANG_WARN_STRICT_PROTOTYPES = YES;
				CLANG_WARN_SUSPICIOUS_MOVE = YES;
				CLANG_WARN_UNGUARDED_AVAILABILITY = YES_AGGRESSIVE;
				CLANG_WARN_UNREACHABLE_CODE = YES;
				CLANG_WARN__DUPLICATE_METHOD_MATCH = YES;
				COPY_PHASE_STRIP = NO;
				DEBUG_INFORMATION_FORMAT = dwarf;
				ENABLE_STRICT_OBJC_MSGSEND = YES;
				ENABLE_TESTABILITY = YES;
				GCC_C_LANGUAGE_STANDARD = gnu11;
				GCC_DYNAMIC_NO_PIC = NO;
				GCC_NO_COMMON_BLOCKS = YES;
				GCC_OPTIMIZATION_LEVEL = 0;
				GCC_PREPROCESSOR_DEFINITIONS = (
					"DEBUG=1",
					"$(inherited)",
				);
				GCC_WARN_64_TO_32_BIT_CONVERSION = YES;
				GCC_WARN_ABOUT_RETURN_TYPE = YES_ERROR;
				GCC_WARN_UNDECLARED_SELECTOR = YES;
				GCC_WARN_UNINITIALIZED_AUTOS = YES_AGGRESSIVE;
				GCC_WARN_UNUSED_FUNCTION = YES;
				GCC_WARN_UNUSED_VARIABLE = YES;
				IPHONEOS_DEPLOYMENT_TARGET = 13.2;
				MTL_ENABLE_DEBUG_INFO = INCLUDE_SOURCE;
				MTL_FAST_MATH = YES;
				ONLY_ACTIVE_ARCH = YES;
				SDKROOT = iphoneos;
				SWIFT_ACTIVE_COMPILATION_CONDITIONS = DEBUG;
				SWIFT_OPTIMIZATION_LEVEL = "-Onone";
			};
			name = Debug;
		};
		5ACAC32B23DF711400731AAB /* Release */ = {
			isa = XCBuildConfiguration;
			buildSettings = {
				ALWAYS_SEARCH_USER_PATHS = NO;
				CLANG_ANALYZER_NONNULL = YES;
				CLANG_ANALYZER_NUMBER_OBJECT_CONVERSION = YES_AGGRESSIVE;
				CLANG_CXX_LANGUAGE_STANDARD = "gnu++14";
				CLANG_CXX_LIBRARY = "libc++";
				CLANG_ENABLE_MODULES = YES;
				CLANG_ENABLE_OBJC_ARC = YES;
				CLANG_ENABLE_OBJC_WEAK = YES;
				CLANG_WARN_BLOCK_CAPTURE_AUTORELEASING = YES;
				CLANG_WARN_BOOL_CONVERSION = YES;
				CLANG_WARN_COMMA = YES;
				CLANG_WARN_CONSTANT_CONVERSION = YES;
				CLANG_WARN_DEPRECATED_OBJC_IMPLEMENTATIONS = YES;
				CLANG_WARN_DIRECT_OBJC_ISA_USAGE = YES_ERROR;
				CLANG_WARN_DOCUMENTATION_COMMENTS = YES;
				CLANG_WARN_EMPTY_BODY = YES;
				CLANG_WARN_ENUM_CONVERSION = YES;
				CLANG_WARN_INFINITE_RECURSION = YES;
				CLANG_WARN_INT_CONVERSION = YES;
				CLANG_WARN_NON_LITERAL_NULL_CONVERSION = YES;
				CLANG_WARN_OBJC_IMPLICIT_RETAIN_SELF = YES;
				CLANG_WARN_OBJC_LITERAL_CONVERSION = YES;
				CLANG_WARN_OBJC_ROOT_CLASS = YES_ERROR;
				CLANG_WARN_RANGE_LOOP_ANALYSIS = YES;
				CLANG_WARN_STRICT_PROTOTYPES = YES;
				CLANG_WARN_SUSPICIOUS_MOVE = YES;
				CLANG_WARN_UNGUARDED_AVAILABILITY = YES_AGGRESSIVE;
				CLANG_WARN_UNREACHABLE_CODE = YES;
				CLANG_WARN__DUPLICATE_METHOD_MATCH = YES;
				COPY_PHASE_STRIP = NO;
				DEBUG_INFORMATION_FORMAT = "dwarf-with-dsym";
				ENABLE_NS_ASSERTIONS = NO;
				ENABLE_STRICT_OBJC_MSGSEND = YES;
				GCC_C_LANGUAGE_STANDARD = gnu11;
				GCC_NO_COMMON_BLOCKS = YES;
				GCC_WARN_64_TO_32_BIT_CONVERSION = YES;
				GCC_WARN_ABOUT_RETURN_TYPE = YES_ERROR;
				GCC_WARN_UNDECLARED_SELECTOR = YES;
				GCC_WARN_UNINITIALIZED_AUTOS = YES_AGGRESSIVE;
				GCC_WARN_UNUSED_FUNCTION = YES;
				GCC_WARN_UNUSED_VARIABLE = YES;
				IPHONEOS_DEPLOYMENT_TARGET = 13.2;
				MTL_ENABLE_DEBUG_INFO = NO;
				MTL_FAST_MATH = YES;
				SDKROOT = iphoneos;
				SWIFT_COMPILATION_MODE = wholemodule;
				SWIFT_OPTIMIZATION_LEVEL = "-O";
				VALIDATE_PRODUCT = YES;
			};
			name = Release;
		};
		5ACAC32D23DF711400731AAB /* Debug */ = {
			isa = XCBuildConfiguration;
			baseConfigurationReference = C68B47E132BDC13EE398E245 /* Pods-OkCupid.debug.xcconfig */;
			buildSettings = {
				ALWAYS_EMBED_SWIFT_STANDARD_LIBRARIES = YES;
				ASSETCATALOG_COMPILER_APPICON_NAME = AppIcon;
				CODE_SIGN_STYLE = Automatic;
				DEVELOPMENT_TEAM = 9CHSEMW6LK;
				INFOPLIST_FILE = OkCupid/Info.plist;
				IPHONEOS_DEPLOYMENT_TARGET = 12.0;
				LD_RUNPATH_SEARCH_PATHS = (
					"$(inherited)",
					"@executable_path/Frameworks",
				);
				OTHER_LDFLAGS = (
					"$(inherited)",
					"-framework",
					"\"Differentiator\"",
					"-framework",
					"\"EnumKit\"",
					"-framework",
					"\"Foundation\"",
					"-framework",
					"\"LNZWeakCollection\"",
					"-framework",
					"\"MERLin\"",
					"-framework",
					"\"RxCocoa\"",
					"-framework",
					"\"RxDataSources\"",
					"-framework",
					"\"RxEnumKit\"",
					"-framework",
					"\"RxRelay\"",
					"-framework",
					"\"RxSwift\"",
					"-framework",
					"\"UIKit\"",
				);
				PRODUCT_BUNDLE_IDENTIFIER = vladz.OkCubid;
				PRODUCT_NAME = "$(TARGET_NAME)";
				SWIFT_VERSION = 5.0;
				TARGETED_DEVICE_FAMILY = 1;
			};
			name = Debug;
		};
		5ACAC32E23DF711400731AAB /* Release */ = {
			isa = XCBuildConfiguration;
			baseConfigurationReference = 759C7E67349B5F241D00E30D /* Pods-OkCupid.release.xcconfig */;
			buildSettings = {
				ALWAYS_EMBED_SWIFT_STANDARD_LIBRARIES = YES;
				ASSETCATALOG_COMPILER_APPICON_NAME = AppIcon;
				CODE_SIGN_STYLE = Automatic;
				DEVELOPMENT_TEAM = 9CHSEMW6LK;
				INFOPLIST_FILE = OkCupid/Info.plist;
				IPHONEOS_DEPLOYMENT_TARGET = 12.0;
				LD_RUNPATH_SEARCH_PATHS = (
					"$(inherited)",
					"@executable_path/Frameworks",
				);
				OTHER_LDFLAGS = (
					"$(inherited)",
					"-framework",
					"\"Differentiator\"",
					"-framework",
					"\"EnumKit\"",
					"-framework",
					"\"Foundation\"",
					"-framework",
					"\"LNZWeakCollection\"",
					"-framework",
					"\"MERLin\"",
					"-framework",
					"\"RxCocoa\"",
					"-framework",
					"\"RxDataSources\"",
					"-framework",
					"\"RxEnumKit\"",
					"-framework",
					"\"RxRelay\"",
					"-framework",
					"\"RxSwift\"",
					"-framework",
					"\"UIKit\"",
				);
				PRODUCT_BUNDLE_IDENTIFIER = vladz.OkCubid;
				PRODUCT_NAME = "$(TARGET_NAME)";
				SWIFT_VERSION = 5.0;
				TARGETED_DEVICE_FAMILY = 1;
			};
			name = Release;
		};
		5ACAC33F23DF770600731AAB /* Debug */ = {
			isa = XCBuildConfiguration;
			baseConfigurationReference = 3CE6F1B3E196668620A976F3 /* Pods-Modules-OCFoundation.debug.xcconfig */;
			buildSettings = {
				CLANG_ENABLE_MODULES = YES;
				"CODE_SIGN_IDENTITY[sdk=macosx*]" = "Apple Development";
				CODE_SIGN_STYLE = Automatic;
				CURRENT_PROJECT_VERSION = 1;
				DEFINES_MODULE = YES;
				DEVELOPMENT_TEAM = 9CHSEMW6LK;
				DYLIB_COMPATIBILITY_VERSION = 1;
				DYLIB_CURRENT_VERSION = 1;
				DYLIB_INSTALL_NAME_BASE = "@rpath";
				INFOPLIST_FILE = OCFoundation/Info.plist;
				INSTALL_PATH = "$(LOCAL_LIBRARY_DIR)/Frameworks";
				IPHONEOS_DEPLOYMENT_TARGET = 12.0;
				LD_RUNPATH_SEARCH_PATHS = (
					"$(inherited)",
					"@executable_path/Frameworks",
					"@loader_path/Frameworks",
				);
				PRODUCT_BUNDLE_IDENTIFIER = vladz.OCFoundation;
				PRODUCT_NAME = "$(TARGET_NAME:c99extidentifier)";
				SKIP_INSTALL = YES;
				SWIFT_OPTIMIZATION_LEVEL = "-Onone";
				SWIFT_VERSION = 5.0;
				TARGETED_DEVICE_FAMILY = "1,2";
				VERSIONING_SYSTEM = "apple-generic";
				VERSION_INFO_PREFIX = "";
			};
			name = Debug;
		};
		5ACAC34023DF770600731AAB /* Release */ = {
			isa = XCBuildConfiguration;
			baseConfigurationReference = DB1417A3E3739D7337D3F25F /* Pods-Modules-OCFoundation.release.xcconfig */;
			buildSettings = {
				CLANG_ENABLE_MODULES = YES;
				"CODE_SIGN_IDENTITY[sdk=macosx*]" = "Apple Development";
				CODE_SIGN_STYLE = Automatic;
				CURRENT_PROJECT_VERSION = 1;
				DEFINES_MODULE = YES;
				DEVELOPMENT_TEAM = 9CHSEMW6LK;
				DYLIB_COMPATIBILITY_VERSION = 1;
				DYLIB_CURRENT_VERSION = 1;
				DYLIB_INSTALL_NAME_BASE = "@rpath";
				INFOPLIST_FILE = OCFoundation/Info.plist;
				INSTALL_PATH = "$(LOCAL_LIBRARY_DIR)/Frameworks";
				IPHONEOS_DEPLOYMENT_TARGET = 12.0;
				LD_RUNPATH_SEARCH_PATHS = (
					"$(inherited)",
					"@executable_path/Frameworks",
					"@loader_path/Frameworks",
				);
				PRODUCT_BUNDLE_IDENTIFIER = vladz.OCFoundation;
				PRODUCT_NAME = "$(TARGET_NAME:c99extidentifier)";
				SKIP_INSTALL = YES;
				SWIFT_VERSION = 5.0;
				TARGETED_DEVICE_FAMILY = "1,2";
				VERSIONING_SYSTEM = "apple-generic";
				VERSION_INFO_PREFIX = "";
			};
			name = Release;
		};
		5ACAC38323DF7F9800731AAB /* Debug */ = {
			isa = XCBuildConfiguration;
			baseConfigurationReference = DE02C55ECE1B31A55297E736 /* Pods-Modules-MatchesModule.debug.xcconfig */;
			buildSettings = {
				CLANG_ENABLE_MODULES = YES;
				CODE_SIGN_STYLE = Automatic;
				CURRENT_PROJECT_VERSION = 1;
				DEFINES_MODULE = YES;
				DEVELOPMENT_TEAM = 9CHSEMW6LK;
				DYLIB_COMPATIBILITY_VERSION = 1;
				DYLIB_CURRENT_VERSION = 1;
				DYLIB_INSTALL_NAME_BASE = "@rpath";
				INFOPLIST_FILE = Modules/MatchesModule/Info.plist;
				INSTALL_PATH = "$(LOCAL_LIBRARY_DIR)/Frameworks";
				IPHONEOS_DEPLOYMENT_TARGET = 12.0;
				LD_RUNPATH_SEARCH_PATHS = (
					"$(inherited)",
					"@executable_path/Frameworks",
					"@loader_path/Frameworks",
				);
				PRODUCT_BUNDLE_IDENTIFIER = vladz.MatchesModule;
				PRODUCT_NAME = "$(TARGET_NAME:c99extidentifier)";
				SKIP_INSTALL = YES;
				SWIFT_OPTIMIZATION_LEVEL = "-Onone";
				SWIFT_VERSION = 5.0;
				TARGETED_DEVICE_FAMILY = "1,2";
				VERSIONING_SYSTEM = "apple-generic";
				VERSION_INFO_PREFIX = "";
			};
			name = Debug;
		};
		5ACAC38423DF7F9800731AAB /* Release */ = {
			isa = XCBuildConfiguration;
			baseConfigurationReference = 3DF8BBFBDAC2A7C099EDDB13 /* Pods-Modules-MatchesModule.release.xcconfig */;
			buildSettings = {
				CLANG_ENABLE_MODULES = YES;
				CODE_SIGN_STYLE = Automatic;
				CURRENT_PROJECT_VERSION = 1;
				DEFINES_MODULE = YES;
				DEVELOPMENT_TEAM = 9CHSEMW6LK;
				DYLIB_COMPATIBILITY_VERSION = 1;
				DYLIB_CURRENT_VERSION = 1;
				DYLIB_INSTALL_NAME_BASE = "@rpath";
				INFOPLIST_FILE = Modules/MatchesModule/Info.plist;
				INSTALL_PATH = "$(LOCAL_LIBRARY_DIR)/Frameworks";
				IPHONEOS_DEPLOYMENT_TARGET = 12.0;
				LD_RUNPATH_SEARCH_PATHS = (
					"$(inherited)",
					"@executable_path/Frameworks",
					"@loader_path/Frameworks",
				);
				PRODUCT_BUNDLE_IDENTIFIER = vladz.MatchesModule;
				PRODUCT_NAME = "$(TARGET_NAME:c99extidentifier)";
				SKIP_INSTALL = YES;
				SWIFT_VERSION = 5.0;
				TARGETED_DEVICE_FAMILY = "1,2";
				VERSIONING_SYSTEM = "apple-generic";
				VERSION_INFO_PREFIX = "";
			};
			name = Release;
		};
/* End XCBuildConfiguration section */

/* Begin XCConfigurationList section */
		5A026A1523DFA67E00F58E43 /* Build configuration list for PBXNativeTarget "OCUIKit" */ = {
			isa = XCConfigurationList;
			buildConfigurations = (
				5A026A1323DFA67E00F58E43 /* Debug */,
				5A026A1423DFA67E00F58E43 /* Release */,
			);
			defaultConfigurationIsVisible = 0;
			defaultConfigurationName = Release;
		};
		5A3A916323DF9C7C004A6AE1 /* Build configuration list for PBXNativeTarget "OCFoundationTests" */ = {
			isa = XCConfigurationList;
			buildConfigurations = (
				5A3A916423DF9C7C004A6AE1 /* Debug */,
				5A3A916523DF9C7C004A6AE1 /* Release */,
			);
			defaultConfigurationIsVisible = 0;
			defaultConfigurationName = Release;
		};
		5ACAC31323DF711200731AAB /* Build configuration list for PBXProject "OkCupid" */ = {
			isa = XCConfigurationList;
			buildConfigurations = (
				5ACAC32A23DF711400731AAB /* Debug */,
				5ACAC32B23DF711400731AAB /* Release */,
			);
			defaultConfigurationIsVisible = 0;
			defaultConfigurationName = Release;
		};
		5ACAC32C23DF711400731AAB /* Build configuration list for PBXNativeTarget "OkCupid" */ = {
			isa = XCConfigurationList;
			buildConfigurations = (
				5ACAC32D23DF711400731AAB /* Debug */,
				5ACAC32E23DF711400731AAB /* Release */,
			);
			defaultConfigurationIsVisible = 0;
			defaultConfigurationName = Release;
		};
		5ACAC33E23DF770600731AAB /* Build configuration list for PBXNativeTarget "OCFoundation" */ = {
			isa = XCConfigurationList;
			buildConfigurations = (
				5ACAC33F23DF770600731AAB /* Debug */,
				5ACAC34023DF770600731AAB /* Release */,
			);
			defaultConfigurationIsVisible = 0;
			defaultConfigurationName = Release;
		};
		5ACAC38223DF7F9800731AAB /* Build configuration list for PBXNativeTarget "MatchesModule" */ = {
			isa = XCConfigurationList;
			buildConfigurations = (
				5ACAC38323DF7F9800731AAB /* Debug */,
				5ACAC38423DF7F9800731AAB /* Release */,
			);
			defaultConfigurationIsVisible = 0;
			defaultConfigurationName = Release;
		};
/* End XCConfigurationList section */
	};
	rootObject = 5ACAC31023DF711200731AAB /* Project object */;
}
